
Microsoft Visual Studio Solution File, Format Version 12.00
# Visual Studio Version 16
VisualStudioVersion = 16.0.29926.136
MinimumVisualStudioVersion = 10.0.40219.1
Project("{FAE04EC0-301F-11D3-BF4B-00C04F79EFBC}") = "Petshop", "Petshop\Petshop.csproj", "{6380F3FC-41A8-45D4-BE52-04231D423535}"
EndProject
Project("{FAE04EC0-301F-11D3-BF4B-00C04F79EFBC}") = "Petshop.Tests", "Petshop.Tests\Petshop.Tests.csproj", "{AB9A7B52-DA91-410A-B993-769A79D8CF49}"
EndProject
Global
	GlobalSection(SolutionConfigurationPlatforms) = preSolution
		Debug|Any CPU = Debug|Any CPU
		Release|Any CPU = Release|Any CPU
	EndGlobalSection
	GlobalSection(ProjectConfigurationPlatforms) = postSolution
		{6380F3FC-41A8-45D4-BE52-04231D423535}.Debug|Any CPU.ActiveCfg = Debug|Any CPU
		{6380F3FC-41A8-45D4-BE52-04231D423535}.Debug|Any CPU.Build.0 = Debug|Any CPU
		{6380F3FC-41A8-45D4-BE52-04231D423535}.Release|Any CPU.ActiveCfg = Release|Any CPU
		{6380F3FC-41A8-45D4-BE52-04231D423535}.Release|Any CPU.Build.0 = Release|Any CPU
		{AB9A7B52-DA91-410A-B993-769A79D8CF49}.Debug|Any CPU.ActiveCfg = Debug|Any CPU
		{AB9A7B52-DA91-410A-B993-769A79D8CF49}.Debug|Any CPU.Build.0 = Debug|Any CPU
		{AB9A7B52-DA91-410A-B993-769A79D8CF49}.Release|Any CPU.ActiveCfg = Release|Any CPU
		{AB9A7B52-DA91-410A-B993-769A79D8CF49}.Release|Any CPU.Build.0 = Release|Any CPU
	EndGlobalSection
	GlobalSection(SolutionProperties) = preSolution
		HideSolutionNode = FALSE
	EndGlobalSection
	GlobalSection(ExtensibilityGlobals) = postSolution
		SolutionGuid = {0E7D66B7-DB97-4FA9-8B44-570609C81643}
	EndGlobalSection
EndGlobal
